
Microsoft Visual Studio Solution File, Format Version 12.00
# Visual Studio 15
VisualStudioVersion = 15.0.28307.329
MinimumVisualStudioVersion = 10.0.40219.1
Project("{FAE04EC0-301F-11D3-BF4B-00C04F79EFBC}") = "FcomGui", "FcomGui.csproj", "{1A3CAABF-242C-4FEE-A0FB-FF73352DD3D3}"
EndProject
Global
	GlobalSection(SolutionConfigurationPlatforms) = preSolution
		Debug|Any CPU = Debug|Any CPU
		Release|Any CPU = Release|Any CPU
	EndGlobalSection
	GlobalSection(ProjectConfigurationPlatforms) = postSolution
		{1A3CAABF-242C-4FEE-A0FB-FF73352DD3D3}.Debug|Any CPU.ActiveCfg = Debug|Any CPU
		{1A3CAABF-242C-4FEE-A0FB-FF73352DD3D3}.Debug|Any CPU.Build.0 = Debug|Any CPU
		{1A3CAABF-242C-4FEE-A0FB-FF73352DD3D3}.Release|Any CPU.ActiveCfg = Release|Any CPU
		{1A3CAABF-242C-4FEE-A0FB-FF73352DD3D3}.Release|Any CPU.Build.0 = Release|Any CPU
	EndGlobalSection
	GlobalSection(SolutionProperties) = preSolution
		HideSolutionNode = FALSE
	EndGlobalSection
	GlobalSection(ExtensibilityGlobals) = postSolution
		SolutionGuid = {139EDD74-AA9F-47D2-B9EC-1448D047FD5A}
	EndGlobalSection
EndGlobal
